// !$*UTF8*$!
{
	archiveVersion = 1;
	classes = {
	};
	objectVersion = 77;
	objects = {

/* Begin PBXBuildFile section */
		A1CD8AF42FF506EB003E8E68 /* PostgREST in Frameworks */ = {isa = PBXBuildFile; productRef = A1CD8AF32FF506EB003E8E68 /* PostgREST */; };
		A1CD8AF62FF506EB003E8E68 /* Supabase in Frameworks */ = {isa = PBXBuildFile; productRef = A1CD8AF52FF506EB003E8E68 /* Supabase */; };
		A1D7B7262FF6914800DCE07D /* MapCache in Frameworks */ = {isa = PBXBuildFile; productRef = 1BB613AFBFD00791CBF840CB /* MapCache */; };
		A1D7B7272FF6914800DCE07D /* CachingMapKitTileOverlay in Frameworks */ = {isa = PBXBuildFile; productRef = C61C5500D5D6671FFB9D3848 /* CachingMapKitTileOverlay */; };
/* End PBXBuildFile section */

/* Begin PBXContainerItemProxy section */
		A15B100B2FE7FDD400009EA2 /* PBXContainerItemProxy */ = {
			isa = PBXContainerItemProxy;
			containerPortal = A15B0FF32FE7FDD200009EA2 /* Project object */;
			proxyType = 1;
			remoteGlobalIDString = A15B0FFA2FE7FDD200009EA2;
			remoteInfo = FriendCamp;
		};
		A15B10152FE7FDD400009EA2 /* PBXContainerItemProxy */ = {
			isa = PBXContainerItemProxy;
			containerPortal = A15B0FF32FE7FDD200009EA2 /* Project object */;
			proxyType = 1;
			remoteGlobalIDString = A15B0FFA2FE7FDD200009EA2;
			remoteInfo = FriendCamp;
		};
/* End PBXContainerItemProxy section */

/* Begin PBXFileReference section */
		A15B0FFB2FE7FDD200009EA2 /* FriendCamp.app */ = {isa = PBXFileReference; explicitFileType = wrapper.application; includeInIndex = 0; path = FriendCamp.app; sourceTree = BUILT_PRODUCTS_DIR; };
		A15B100A2FE7FDD400009EA2 /* FriendCampTests.xctest */ = {isa = PBXFileReference; explicitFileType = wrapper.cfbundle; includeInIndex = 0; path = FriendCampTests.xctest; sourceTree = BUILT_PRODUCTS_DIR; };
		A15B10142FE7FDD400009EA2 /* FriendCampUITests.xctest */ = {isa = PBXFileReference; explicitFileType = wrapper.cfbundle; includeInIndex = 0; path = FriendCampUITests.xctest; sourceTree = BUILT_PRODUCTS_DIR; };
/* End PBXFileReference section */

/* Begin PBXFileSystemSynchronizedBuildFileExceptionSet section */
		A1CD8AF72FF50775003E8E68 /* Exceptions for "FriendCamp" folder in "FriendCamp" target */ = {
			isa = PBXFileSystemSynchronizedBuildFileExceptionSet;
			membershipExceptions = (
				Info.plist,
				Services/SupabaseConfig.example.swift,
			);
			target = A15B0FFA2FE7FDD200009EA2 /* FriendCamp */;
		};
/* End PBXFileSystemSynchronizedBuildFileExceptionSet section */

/* Begin PBXFileSystemSynchronizedRootGroup section */
		A15B0FFD2FE7FDD200009EA2 /* FriendCamp */ = {
			isa = PBXFileSystemSynchronizedRootGroup;
			exceptions = (
				A1CD8AF72FF50775003E8E68 /* Exceptions for "FriendCamp" folder in "FriendCamp" target */,
			);
			path = FriendCamp;
			sourceTree = "<group>";
		};
		A15B100D2FE7FDD400009EA2 /* FriendCampTests */ = {
			isa = PBXFileSystemSynchronizedRootGroup;
			path = FriendCampTests;
			sourceTree = "<group>";
		};
		A15B10172FE7FDD400009EA2 /* FriendCampUITests */ = {
			isa = PBXFileSystemSynchronizedRootGroup;
			path = FriendCampUITests;
			sourceTree = "<group>";
		};
/* End PBXFileSystemSynchronizedRootGroup section */

/* Begin PBXFrameworksBuildPhase section */
		A15B0FF82FE7FDD200009EA2 /* Frameworks */ = {
			isa = PBXFrameworksBuildPhase;
			buildActionMask = 2147483647;
			files = (
				A1D7B7272FF6914800DCE07D /* CachingMapKitTileOverlay in Frameworks */,
				A1D7B7262FF6914800DCE07D /* MapCache in Frameworks */,
				A1CD8AF62FF506EB003E8E68 /* Supabase in Frameworks */,
				A1CD8AF42FF506EB003E8E68 /* PostgREST in Frameworks */,
			);
			runOnlyForDeploymentPostprocessing = 0;
		};
		A15B10072FE7FDD400009EA2 /* Frameworks */ = {
			isa = PBXFrameworksBuildPhase;
			buildActionMask = 2147483647;
			files = (
			);
			runOnlyForDeploymentPostprocessing = 0;
		};
		A15B10112FE7FDD400009EA2 /* Frameworks */ = {
			isa = PBXFrameworksBuildPhase;
			buildActionMask = 2147483647;
			files = (
			);
			runOnlyForDeploymentPostprocessing = 0;
		};
/* End PBXFrameworksBuildPhase section */

/* Begin PBXGroup section */
		A15B0FF22FE7FDD200009EA2 = {
			isa = PBXGroup;
			children = (
				A15B0FFD2FE7FDD200009EA2 /* FriendCamp */,
				A15B100D2FE7FDD400009EA2 /* FriendCampTests */,
				A15B10172FE7FDD400009EA2 /* FriendCampUITests */,
				A15B0FFC2FE7FDD200009EA2 /* Products */,
			);
			sourceTree = "<group>";
		};
		A15B0FFC2FE7FDD200009EA2 /* Products */ = {
			isa = PBXGroup;
			children = (
				A15B0FFB2FE7FDD200009EA2 /* FriendCamp.app */,
				A15B100A2FE7FDD400009EA2 /* FriendCampTests.xctest */,
				A15B10142FE7FDD400009EA2 /* FriendCampUITests.xctest */,
			);
			name = Products;
			sourceTree = "<group>";
		};
/* End PBXGroup section */

/* Begin PBXNativeTarget section */
		A15B0FFA2FE7FDD200009EA2 /* FriendCamp */ = {
			isa = PBXNativeTarget;
			buildConfigurationList = A15B101E2FE7FDD400009EA2 /* Build configuration list for PBXNativeTarget "FriendCamp" */;
			buildPhases = (
				A15B0FF72FE7FDD200009EA2 /* Sources */,
				A15B0FF82FE7FDD200009EA2 /* Frameworks */,
				A15B0FF92FE7FDD200009EA2 /* Resources */,
			);
			buildRules = (
			);
			dependencies = (
			);
			fileSystemSynchronizedGroups = (
				A15B0FFD2FE7FDD200009EA2 /* FriendCamp */,
			);
			name = FriendCamp;
			packageProductDependencies = (
				A1CD8AF32FF506EB003E8E68 /* PostgREST */,
				A1CD8AF52FF506EB003E8E68 /* Supabase */,
				1BB613AFBFD00791CBF840CB /* MapCache */,
				C61C5500D5D6671FFB9D3848 /* CachingMapKitTileOverlay */,
			);
			productName = FriendCamp;
			productReference = A15B0FFB2FE7FDD200009EA2 /* FriendCamp.app */;
			productType = "com.apple.product-type.application";
		};
		A15B10092FE7FDD400009EA2 /* FriendCampTests */ = {
			isa = PBXNativeTarget;
			buildConfigurationList = A15B10212FE7FDD400009EA2 /* Build configuration list for PBXNativeTarget "FriendCampTests" */;
			buildPhases = (
				A15B10062FE7FDD400009EA2 /* Sources */,
				A15B10072FE7FDD400009EA2 /* Frameworks */,
				A15B10082FE7FDD400009EA2 /* Resources */,
			);
			buildRules = (
			);
			dependencies = (
				A15B100C2FE7FDD400009EA2 /* PBXTargetDependency */,
			);
			fileSystemSynchronizedGroups = (
				A15B100D2FE7FDD400009EA2 /* FriendCampTests */,
			);
			name = FriendCampTests;
			packageProductDependencies = (
			);
			productName = FriendCampTests;
			productReference = A15B100A2FE7FDD400009EA2 /* FriendCampTests.xctest */;
			productType = "com.apple.product-type.bundle.unit-test";
		};
		A15B10132FE7FDD400009EA2 /* FriendCampUITests */ = {
			isa = PBXNativeTarget;
			buildConfigurationList = A15B10242FE7FDD400009EA2 /* Build configuration list for PBXNativeTarget "FriendCampUITests" */;
			buildPhases = (
				A15B10102FE7FDD400009EA2 /* Sources */,
				A15B10112FE7FDD400009EA2 /* Frameworks */,
				A15B10122FE7FDD400009EA2 /* Resources */,
			);
			buildRules = (
			);
			dependencies = (
				A15B10162FE7FDD400009EA2 /* PBXTargetDependency */,
			);
			fileSystemSynchronizedGroups = (
				A15B10172FE7FDD400009EA2 /* FriendCampUITests */,
			);
			name = FriendCampUITests;
			packageProductDependencies = (
			);
			productName = FriendCampUITests;
			productReference = A15B10142FE7FDD400009EA2 /* FriendCampUITests.xctest */;
			productType = "com.apple.product-type.bundle.ui-testing";
		};
/* End PBXNativeTarget section */

/* Begin PBXProject section */
		A15B0FF32FE7FDD200009EA2 /* Project object */ = {
			isa = PBXProject;
			attributes = {
				BuildIndependentTargetsInParallel = 1;
				LastSwiftUpdateCheck = 2650;
				LastUpgradeCheck = 2650;
				TargetAttributes = {
					A15B0FFA2FE7FDD200009EA2 = {
						CreatedOnToolsVersion = 26.5;
					};
					A15B10092FE7FDD400009EA2 = {
						CreatedOnToolsVersion = 26.5;
						TestTargetID = A15B0FFA2FE7FDD200009EA2;
					};
					A15B10132FE7FDD400009EA2 = {
						CreatedOnToolsVersion = 26.5;
						TestTargetID = A15B0FFA2FE7FDD200009EA2;
					};
				};
			};
			buildConfigurationList = A15B0FF62FE7FDD200009EA2 /* Build configuration list for PBXProject "FriendCamp" */;
			developmentRegion = en;
			hasScannedForEncodings = 0;
			knownRegions = (
				en,
				Base,
			);
			mainGroup = A15B0FF22FE7FDD200009EA2;
			minimizedProjectReferenceProxies = 1;
			packageReferences = (
				A1CD8AF22FF506EB003E8E68 /* XCRemoteSwiftPackageReference "supabase-swift" */,
				370918C9A6756691D8D88B7D /* XCRemoteSwiftPackageReference "MapCache" */,
				6FC0A13FFED4E77B9CDFEE31 /* XCRemoteSwiftPackageReference "mapkit-caching-tile-overlay" */,
			);
			preferredProjectObjectVersion = 77;
			productRefGroup = A15B0FFC2FE7FDD200009EA2 /* Products */;
			projectDirPath = "";
			projectRoot = "";
			targets = (
				A15B0FFA2FE7FDD200009EA2 /* FriendCamp */,
				A15B10092FE7FDD400009EA2 /* FriendCampTests */,
				A15B10132FE7FDD400009EA2 /* FriendCampUITests */,
			);
		};
/* End PBXProject section */

/* Begin PBXResourcesBuildPhase section */
		A15B0FF92FE7FDD200009EA2 /* Resources */ = {
			isa = PBXResourcesBuildPhase;
			buildActionMask = 2147483647;
			files = (
			);
			runOnlyForDeploymentPostprocessing = 0;
		};
		A15B10082FE7FDD400009EA2 /* Resources */ = {
			isa = PBXResourcesBuildPhase;
			buildActionMask = 2147483647;
			files = (
			);
			runOnlyForDeploymentPostprocessing = 0;
		};
		A15B10122FE7FDD400009EA2 /* Resources */ = {
			isa = PBXResourcesBuildPhase;
			buildActionMask = 2147483647;
			files = (
			);
			runOnlyForDeploymentPostprocessing = 0;
		};
/* End PBXResourcesBuildPhase section */

/* Begin PBXSourcesBuildPhase section */
		A15B0FF72FE7FDD200009EA2 /* Sources */ = {
			isa = PBXSourcesBuildPhase;
			buildActionMask = 2147483647;
			files = (
			);
			runOnlyForDeploymentPostprocessing = 0;
		};
		A15B10062FE7FDD400009EA2 /* Sources */ = {
			isa = PBXSourcesBuildPhase;
			buildActionMask = 2147483647;
			files = (
			);
			runOnlyForDeploymentPostprocessing = 0;
		};
		A15B10102FE7FDD400009EA2 /* Sources */ = {
			isa = PBXSourcesBuildPhase;
			buildActionMask = 2147483647;
			files = (
			);
			runOnlyForDeploymentPostprocessing = 0;
		};
/* End PBXSourcesBuildPhase section */

/* Begin PBXTargetDependency section */
		A15B100C2FE7FDD400009EA2 /* PBXTargetDependency */ = {
			isa = PBXTargetDependency;
			target = A15B0FFA2FE7FDD200009EA2 /* FriendCamp */;
			targetProxy = A15B100B2FE7FDD400009EA2 /* PBXContainerItemProxy */;
		};
		A15B10162FE7FDD400009EA2 /* PBXTargetDependency */ = {
			isa = PBXTargetDependency;
			target = A15B0FFA2FE7FDD200009EA2 /* FriendCamp */;
			targetProxy = A15B10152FE7FDD400009EA2 /* PBXContainerItemProxy */;
		};
/* End PBXTargetDependency section */

/* Begin XCBuildConfiguration section */
		A15B101C2FE7FDD400009EA2 /* Debug */ = {
			isa = XCBuildConfiguration;
			buildSettings = {
				ALWAYS_SEARCH_USER_PATHS = NO;
				ASSETCATALOG_COMPILER_GENERATE_SWIFT_ASSET_SYMBOL_EXTENSIONS = YES;
				CLANG_ANALYZER_NONNULL = YES;
				CLANG_ANALYZER_NUMBER_OBJECT_CONVERSION = YES_AGGRESSIVE;
				CLANG_CXX_LANGUAGE_STANDARD = "gnu++20";
				CLANG_ENABLE_MODULES = YES;
				CLANG_ENABLE_OBJC_ARC = YES;
				CLANG_ENABLE_OBJC_WEAK = YES;
				CLANG_WARN_BLOCK_CAPTURE_AUTORELEASING = YES;
				CLANG_WARN_BOOL_CONVERSION = YES;
				CLANG_WARN_COMMA = YES;
				CLANG_WARN_CONSTANT_CONVERSION = YES;
				CLANG_WARN_DEPRECATED_OBJC_IMPLEMENTATIONS = YES;
				CLANG_WARN_DIRECT_OBJC_ISA_USAGE = YES_ERROR;
				CLANG_WARN_DOCUMENTATION_COMMENTS = YES;
				CLANG_WARN_EMPTY_BODY = YES;
				CLANG_WARN_ENUM_CONVERSION = YES;
				CLANG_WARN_INFINITE_RECURSION = YES;
				CLANG_WARN_INT_CONVERSION = YES;
				CLANG_WARN_NON_LITERAL_NULL_CONVERSION = YES;
				CLANG_WARN_OBJC_IMPLICIT_RETAIN_SELF = YES;
				CLANG_WARN_OBJC_LITERAL_CONVERSION = YES;
				CLANG_WARN_OBJC_ROOT_CLASS = YES_ERROR;
				CLANG_WARN_QUOTED_INCLUDE_IN_FRAMEWORK_HEADER = YES;
				CLANG_WARN_RANGE_LOOP_ANALYSIS = YES;
				CLANG_WARN_STRICT_PROTOTYPES = YES;
				CLANG_WARN_SUSPICIOUS_MOVE = YES;
				CLANG_WARN_UNGUARDED_AVAILABILITY = YES_AGGRESSIVE;
				CLANG_WARN_UNREACHABLE_CODE = YES;
				CLANG_WARN__DUPLICATE_METHOD_MATCH = YES;
				COPY_PHASE_STRIP = NO;
				DEBUG_INFORMATION_FORMAT = dwarf;
				DEVELOPMENT_TEAM = V392JFZ4Q6;
				ENABLE_STRICT_OBJC_MSGSEND = YES;
				ENABLE_TESTABILITY = YES;
				ENABLE_USER_SCRIPT_SANDBOXING = YES;
				GCC_C_LANGUAGE_STANDARD = gnu17;
				GCC_DYNAMIC_NO_PIC = NO;
				GCC_NO_COMMON_BLOCKS = YES;
				GCC_OPTIMIZATION_LEVEL = 0;
				GCC_PREPROCESSOR_DEFINITIONS = (
					"DEBUG=1",
					"$(inherited)",
				);
				GCC_WARN_64_TO_32_BIT_CONVERSION = YES;
				GCC_WARN_ABOUT_RETURN_TYPE = YES_ERROR;
				GCC_WARN_UNDECLARED_SELECTOR = YES;
				GCC_WARN_UNINITIALIZED_AUTOS = YES_AGGRESSIVE;
				GCC_WARN_UNUSED_FUNCTION = YES;
				GCC_WARN_UNUSED_VARIABLE = YES;
				IPHONEOS_DEPLOYMENT_TARGET = 26.5;
				LOCALIZATION_PREFERS_STRING_CATALOGS = YES;
				MTL_ENABLE_DEBUG_INFO = INCLUDE_SOURCE;
				MTL_FAST_MATH = YES;
				ONLY_ACTIVE_ARCH = YES;
				SDKROOT = iphoneos;
				SWIFT_ACTIVE_COMPILATION_CONDITIONS = "DEBUG $(inherited)";
				SWIFT_OPTIMIZATION_LEVEL = "-Onone";
			};
			name = Debug;
		};
		A15B101D2FE7FDD400009EA2 /* Release */ = {
			isa = XCBuildConfiguration;
			buildSettings = {
				ALWAYS_SEARCH_USER_PATHS = NO;
				ASSETCATALOG_COMPILER_GENERATE_SWIFT_ASSET_SYMBOL_EXTENSIONS = YES;
				CLANG_ANALYZER_NONNULL = YES;
				CLANG_ANALYZER_NUMBER_OBJECT_CONVERSION = YES_AGGRESSIVE;
				CLANG_CXX_LANGUAGE_STANDARD = "gnu++20";
				CLANG_ENABLE_MODULES = YES;
				CLANG_ENABLE_OBJC_ARC = YES;
				CLANG_ENABLE_OBJC_WEAK = YES;
				CLANG_WARN_BLOCK_CAPTURE_AUTORELEASING = YES;
				CLANG_WARN_BOOL_CONVERSION = YES;
				CLANG_WARN_COMMA = YES;
				CLANG_WARN_CONSTANT_CONVERSION = YES;
				CLANG_WARN_DEPRECATED_OBJC_IMPLEMENTATIONS = YES;
				CLANG_WARN_DIRECT_OBJC_ISA_USAGE = YES_ERROR;
				CLANG_WARN_DOCUMENTATION_COMMENTS = YES;
				CLANG_WARN_EMPTY_BODY = YES;
				CLANG_WARN_ENUM_CONVERSION = YES;
				CLANG_WARN_INFINITE_RECURSION = YES;
				CLANG_WARN_INT_CONVERSION = YES;
				CLANG_WARN_NON_LITERAL_NULL_CONVERSION = YES;
				CLANG_WARN_OBJC_IMPLICIT_RETAIN_SELF = YES;
				CLANG_WARN_OBJC_LITERAL_CONVERSION = YES;
				CLANG_WARN_OBJC_ROOT_CLASS = YES_ERROR;
				CLANG_WARN_QUOTED_INCLUDE_IN_FRAMEWORK_HEADER = YES;
				CLANG_WARN_RANGE_LOOP_ANALYSIS = YES;
				CLANG_WARN_STRICT_PROTOTYPES = YES;
				CLANG_WARN_SUSPICIOUS_MOVE = YES;
				CLANG_WARN_UNGUARDED_AVAILABILITY = YES_AGGRESSIVE;
				CLANG_WARN_UNREACHABLE_CODE = YES;
				CLANG_WARN__DUPLICATE_METHOD_MATCH = YES;
				COPY_PHASE_STRIP = NO;
				DEBUG_INFORMATION_FORMAT = "dwarf-with-dsym";
				DEVELOPMENT_TEAM = V392JFZ4Q6;
				ENABLE_NS_ASSERTIONS = NO;
				ENABLE_STRICT_OBJC_MSGSEND = YES;
				ENABLE_USER_SCRIPT_SANDBOXING = YES;
				GCC_C_LANGUAGE_STANDARD = gnu17;
				GCC_NO_COMMON_BLOCKS = YES;
				GCC_WARN_64_TO_32_BIT_CONVERSION = YES;
				GCC_WARN_ABOUT_RETURN_TYPE = YES_ERROR;
				GCC_WARN_UNDECLARED_SELECTOR = YES;
				GCC_WARN_UNINITIALIZED_AUTOS = YES_AGGRESSIVE;
				GCC_WARN_UNUSED_FUNCTION = YES;
				GCC_WARN_UNUSED_VARIABLE = YES;
				IPHONEOS_DEPLOYMENT_TARGET = 26.5;
				LOCALIZATION_PREFERS_STRING_CATALOGS = YES;
				MTL_ENABLE_DEBUG_INFO = NO;
				MTL_FAST_MATH = YES;
				SDKROOT = iphoneos;
				SWIFT_COMPILATION_MODE = wholemodule;
				VALIDATE_PRODUCT = YES;
			};
			name = Release;
		};
		A15B101F2FE7FDD400009EA2 /* Debug */ = {
			isa = XCBuildConfiguration;
			buildSettings = {
				ASSETCATALOG_COMPILER_APPICON_NAME = AppIcon;
				ASSETCATALOG_COMPILER_GLOBAL_ACCENT_COLOR_NAME = AccentColor;
				CODE_SIGN_STYLE = Automatic;
				CURRENT_PROJECT_VERSION = 1;
				DEVELOPMENT_TEAM = V392JFZ4Q6;
				ENABLE_PREVIEWS = YES;
				GENERATE_INFOPLIST_FILE = YES;
				INFOPLIST_FILE = FriendCamp/Info.plist;
				INFOPLIST_KEY_NSCameraUsageDescription = "FriendCamp folosește camera pentru a face poze la puncte de interes și postări de blog.";
				INFOPLIST_KEY_NSLocationWhenInUseUsageDescription = "FriendCamp folosește locația pentru a-ți arăta poziția pe hartă grupului.";
				INFOPLIST_KEY_NSLocationAlwaysAndWhenInUseUsageDescription = "FriendCamp îți distribuie locația către grup, inclusiv când aplicația nu e deschisă, cât timp ai activată distribuirea locației în Confidențialitate.";
				INFOPLIST_KEY_UIApplicationSceneManifest_Generation = YES;
				INFOPLIST_KEY_UIApplicationSupportsIndirectInputEvents = YES;
				INFOPLIST_KEY_UILaunchScreen_Generation = YES;
				INFOPLIST_KEY_UISupportedInterfaceOrientations_iPad = "UIInterfaceOrientationPortrait UIInterfaceOrientationPortraitUpsideDown UIInterfaceOrientationLandscapeLeft UIInterfaceOrientationLandscapeRight";
				INFOPLIST_KEY_UISupportedInterfaceOrientations_iPhone = "UIInterfaceOrientationPortrait UIInterfaceOrientationLandscapeLeft UIInterfaceOrientationLandscapeRight";
				IPHONEOS_DEPLOYMENT_TARGET = 18.6;
				LD_RUNPATH_SEARCH_PATHS = (
					"$(inherited)",
					"@executable_path/Frameworks",
				);
				MARKETING_VERSION = 1.0;
				PRODUCT_BUNDLE_IDENTIFIER = com.fancywrappers.FriendCamp;
				PRODUCT_NAME = "$(TARGET_NAME)";
				STRING_CATALOG_GENERATE_SYMBOLS = YES;
				SWIFT_APPROACHABLE_CONCURRENCY = YES;
				SWIFT_DEFAULT_ACTOR_ISOLATION = MainActor;
				SWIFT_EMIT_LOC_STRINGS = YES;
				SWIFT_UPCOMING_FEATURE_MEMBER_IMPORT_VISIBILITY = YES;
				SWIFT_VERSION = 5.0;
				TARGETED_DEVICE_FAMILY = "1,2";
			};
			name = Debug;
		};
		A15B10202FE7FDD400009EA2 /* Release */ = {
			isa = XCBuildConfiguration;
			buildSettings = {
				ASSETCATALOG_COMPILER_APPICON_NAME = AppIcon;
				ASSETCATALOG_COMPILER_GLOBAL_ACCENT_COLOR_NAME = AccentColor;
				CODE_SIGN_STYLE = Automatic;
				CURRENT_PROJECT_VERSION = 1;
				DEVELOPMENT_TEAM = V392JFZ4Q6;
				ENABLE_PREVIEWS = YES;
				GENERATE_INFOPLIST_FILE = YES;
				INFOPLIST_FILE = FriendCamp/Info.plist;
				INFOPLIST_KEY_NSCameraUsageDescription = "FriendCamp folosește camera pentru a face poze la puncte de interes și postări de blog.";
				INFOPLIST_KEY_NSLocationWhenInUseUsageDescription = "FriendCamp folosește locația pentru a-ți arăta poziția pe hartă grupului.";
				INFOPLIST_KEY_NSLocationAlwaysAndWhenInUseUsageDescription = "FriendCamp îți distribuie locația către grup, inclusiv când aplicația nu e deschisă, cât timp ai activată distribuirea locației în Confidențialitate.";
				INFOPLIST_KEY_UIApplicationSceneManifest_Generation = YES;
				INFOPLIST_KEY_UIApplicationSupportsIndirectInputEvents = YES;
				INFOPLIST_KEY_UILaunchScreen_Generation = YES;
				INFOPLIST_KEY_UISupportedInterfaceOrientations_iPad = "UIInterfaceOrientationPortrait UIInterfaceOrientationPortraitUpsideDown UIInterfaceOrientationLandscapeLeft UIInterfaceOrientationLandscapeRight";
				INFOPLIST_KEY_UISupportedInterfaceOrientations_iPhone = "UIInterfaceOrientationPortrait UIInterfaceOrientationLandscapeLeft UIInterfaceOrientationLandscapeRight";
				IPHONEOS_DEPLOYMENT_TARGET = 18.6;
				LD_RUNPATH_SEARCH_PATHS = (
					"$(inherited)",
					"@executable_path/Frameworks",
				);
				MARKETING_VERSION = 1.0;
				PRODUCT_BUNDLE_IDENTIFIER = com.fancywrappers.FriendCamp;
				PRODUCT_NAME = "$(TARGET_NAME)";
				STRING_CATALOG_GENERATE_SYMBOLS = YES;
				SWIFT_APPROACHABLE_CONCURRENCY = YES;
				SWIFT_DEFAULT_ACTOR_ISOLATION = MainActor;
				SWIFT_EMIT_LOC_STRINGS = YES;
				SWIFT_UPCOMING_FEATURE_MEMBER_IMPORT_VISIBILITY = YES;
				SWIFT_VERSION = 5.0;
				TARGETED_DEVICE_FAMILY = "1,2";
			};
			name = Release;
		};
		A15B10222FE7FDD400009EA2 /* Debug */ = {
			isa = XCBuildConfiguration;
			buildSettings = {
				BUNDLE_LOADER = "$(TEST_HOST)";
				CODE_SIGN_STYLE = Automatic;
				CURRENT_PROJECT_VERSION = 1;
				DEVELOPMENT_TEAM = V392JFZ4Q6;
				GENERATE_INFOPLIST_FILE = YES;
				IPHONEOS_DEPLOYMENT_TARGET = 26.5;
				MARKETING_VERSION = 1.0;
				PRODUCT_BUNDLE_IDENTIFIER = com.fancywrappers.FriendCampTests;
				PRODUCT_NAME = "$(TARGET_NAME)";
				STRING_CATALOG_GENERATE_SYMBOLS = NO;
				SWIFT_APPROACHABLE_CONCURRENCY = YES;
				SWIFT_EMIT_LOC_STRINGS = NO;
				SWIFT_UPCOMING_FEATURE_MEMBER_IMPORT_VISIBILITY = YES;
				SWIFT_VERSION = 5.0;
				TARGETED_DEVICE_FAMILY = "1,2";
				TEST_HOST = "$(BUILT_PRODUCTS_DIR)/FriendCamp.app/$(BUNDLE_EXECUTABLE_FOLDER_PATH)/FriendCamp";
			};
			name = Debug;
		};
		A15B10232FE7FDD400009EA2 /* Release */ = {
			isa = XCBuildConfiguration;
			buildSettings = {
				BUNDLE_LOADER = "$(TEST_HOST)";
				CODE_SIGN_STYLE = Automatic;
				CURRENT_PROJECT_VERSION = 1;
				DEVELOPMENT_TEAM = V392JFZ4Q6;
				GENERATE_INFOPLIST_FILE = YES;
				IPHONEOS_DEPLOYMENT_TARGET = 26.5;
				MARKETING_VERSION = 1.0;
				PRODUCT_BUNDLE_IDENTIFIER = com.fancywrappers.FriendCampTests;
				PRODUCT_NAME = "$(TARGET_NAME)";
				STRING_CATALOG_GENERATE_SYMBOLS = NO;
				SWIFT_APPROACHABLE_CONCURRENCY = YES;
				SWIFT_EMIT_LOC_STRINGS = NO;
				SWIFT_UPCOMING_FEATURE_MEMBER_IMPORT_VISIBILITY = YES;
				SWIFT_VERSION = 5.0;
				TARGETED_DEVICE_FAMILY = "1,2";
				TEST_HOST = "$(BUILT_PRODUCTS_DIR)/FriendCamp.app/$(BUNDLE_EXECUTABLE_FOLDER_PATH)/FriendCamp";
			};
			name = Release;
		};
		A15B10252FE7FDD400009EA2 /* Debug */ = {
			isa = XCBuildConfiguration;
			buildSettings = {
				CODE_SIGN_STYLE = Automatic;
				CURRENT_PROJECT_VERSION = 1;
				DEVELOPMENT_TEAM = V392JFZ4Q6;
				GENERATE_INFOPLIST_FILE = YES;
				MARKETING_VERSION = 1.0;
				PRODUCT_BUNDLE_IDENTIFIER = com.fancywrappers.FriendCampUITests;
				PRODUCT_NAME = "$(TARGET_NAME)";
				STRING_CATALOG_GENERATE_SYMBOLS = NO;
				SWIFT_APPROACHABLE_CONCURRENCY = YES;
				SWIFT_EMIT_LOC_STRINGS = NO;
				SWIFT_UPCOMING_FEATURE_MEMBER_IMPORT_VISIBILITY = YES;
				SWIFT_VERSION = 5.0;
				TARGETED_DEVICE_FAMILY = "1,2";
				TEST_TARGET_NAME = FriendCamp;
			};
			name = Debug;
		};
		A15B10262FE7FDD400009EA2 /* Release */ = {
			isa = XCBuildConfiguration;
			buildSettings = {
				CODE_SIGN_STYLE = Automatic;
				CURRENT_PROJECT_VERSION = 1;
				DEVELOPMENT_TEAM = V392JFZ4Q6;
				GENERATE_INFOPLIST_FILE = YES;
				MARKETING_VERSION = 1.0;
				PRODUCT_BUNDLE_IDENTIFIER = com.fancywrappers.FriendCampUITests;
				PRODUCT_NAME = "$(TARGET_NAME)";
				STRING_CATALOG_GENERATE_SYMBOLS = NO;
				SWIFT_APPROACHABLE_CONCURRENCY = YES;
				SWIFT_EMIT_LOC_STRINGS = NO;
				SWIFT_UPCOMING_FEATURE_MEMBER_IMPORT_VISIBILITY = YES;
				SWIFT_VERSION = 5.0;
				TARGETED_DEVICE_FAMILY = "1,2";
				TEST_TARGET_NAME = FriendCamp;
			};
			name = Release;
		};
/* End XCBuildConfiguration section */

/* Begin XCConfigurationList section */
		A15B0FF62FE7FDD200009EA2 /* Build configuration list for PBXProject "FriendCamp" */ = {
			isa = XCConfigurationList;
			buildConfigurations = (
				A15B101C2FE7FDD400009EA2 /* Debug */,
				A15B101D2FE7FDD400009EA2 /* Release */,
			);
			defaultConfigurationIsVisible = 0;
			defaultConfigurationName = Release;
		};
		A15B101E2FE7FDD400009EA2 /* Build configuration list for PBXNativeTarget "FriendCamp" */ = {
			isa = XCConfigurationList;
			buildConfigurations = (
				A15B101F2FE7FDD400009EA2 /* Debug */,
				A15B10202FE7FDD400009EA2 /* Release */,
			);
			defaultConfigurationIsVisible = 0;
			defaultConfigurationName = Release;
		};
		A15B10212FE7FDD400009EA2 /* Build configuration list for PBXNativeTarget "FriendCampTests" */ = {
			isa = XCConfigurationList;
			buildConfigurations = (
				A15B10222FE7FDD400009EA2 /* Debug */,
				A15B10232FE7FDD400009EA2 /* Release */,
			);
			defaultConfigurationIsVisible = 0;
			defaultConfigurationName = Release;
		};
		A15B10242FE7FDD400009EA2 /* Build configuration list for PBXNativeTarget "FriendCampUITests" */ = {
			isa = XCConfigurationList;
			buildConfigurations = (
				A15B10252FE7FDD400009EA2 /* Debug */,
				A15B10262FE7FDD400009EA2 /* Release */,
			);
			defaultConfigurationIsVisible = 0;
			defaultConfigurationName = Release;
		};
/* End XCConfigurationList section */

/* Begin XCRemoteSwiftPackageReference section */
		370918C9A6756691D8D88B7D /* XCRemoteSwiftPackageReference "MapCache" */ = {
			isa = XCRemoteSwiftPackageReference;
			repositoryURL = "https://github.com/merlos/MapCache";
			requirement = {
				kind = upToNextMajorVersion;
				minimumVersion = 0.10.0;
			};
		};
		6FC0A13FFED4E77B9CDFEE31 /* XCRemoteSwiftPackageReference "mapkit-caching-tile-overlay" */ = {
			isa = XCRemoteSwiftPackageReference;
			repositoryURL = "https://github.com/stadiamaps/mapkit-caching-tile-overlay";
			requirement = {
				kind = upToNextMajorVersion;
				minimumVersion = 1.1.0;
			};
		};
		A1CD8AF22FF506EB003E8E68 /* XCRemoteSwiftPackageReference "supabase-swift" */ = {
			isa = XCRemoteSwiftPackageReference;
			repositoryURL = "https://github.com/supabase-community/supabase-swift.git";
			requirement = {
				kind = upToNextMajorVersion;
				minimumVersion = 2.5.1;
			};
		};
/* End XCRemoteSwiftPackageReference section */

/* Begin XCSwiftPackageProductDependency section */
		1BB613AFBFD00791CBF840CB /* MapCache */ = {
			isa = XCSwiftPackageProductDependency;
			package = 370918C9A6756691D8D88B7D /* XCRemoteSwiftPackageReference "MapCache" */;
			productName = MapCache;
		};
		A1CD8AF32FF506EB003E8E68 /* PostgREST */ = {
			isa = XCSwiftPackageProductDependency;
			package = A1CD8AF22FF506EB003E8E68 /* XCRemoteSwiftPackageReference "supabase-swift" */;
			productName = PostgREST;
		};
		A1CD8AF52FF506EB003E8E68 /* Supabase */ = {
			isa = XCSwiftPackageProductDependency;
			package = A1CD8AF22FF506EB003E8E68 /* XCRemoteSwiftPackageReference "supabase-swift" */;
			productName = Supabase;
		};
		C61C5500D5D6671FFB9D3848 /* CachingMapKitTileOverlay */ = {
			isa = XCSwiftPackageProductDependency;
			package = 6FC0A13FFED4E77B9CDFEE31 /* XCRemoteSwiftPackageReference "mapkit-caching-tile-overlay" */;
			productName = CachingMapKitTileOverlay;
		};
/* End XCSwiftPackageProductDependency section */
	};
	rootObject = A15B0FF32FE7FDD200009EA2 /* Project object */;
}
